entgo.io/ent v0.14.3 h1:wokAV/kIlH9TeklJWGGS7AYJdVckr0DloWjIcO9iIIQ=
entgo.io/ent v0.14.3/go.mod h1:aDPE/OziPEu8+OWbzy4UlvWmD2/kbRuWfK2A40hcxJM=
github.com/davecgh/go-spew v1.1.1 h1:vj9j/u1bqnvCEfJOwUhtlOARqs3+rkHYY13jYWTU97c=
github.com/davecgh/go-spew v1.1.1/go.mod h1:J7Y8YcW2NihsgmVo/mv3lAwl/skON4iLHjSsI+c5H38=
github.com/go-gorp/gorp/v3 v3.1.0 h1:ItKF/Vbuj31dmV4jxA1qblpSwkl9g1typ24xoe70IGs=
github.com/go-gorp/gorp/v3 v3.1.0/go.mod h1:dLEjIyyRNiXvNZ8PSmzpt1GsWAUK8kjVhEpjH8TixEw=
github.com/go-pg/pg/v10 v10.11.0 h1:CMKJqLgTrfpE/aOVeLdybezR2om071Vh38OLZjsyMI0=
github.com/go-pg/pg/v10 v10.11.0/go.mod h1:4BpHRoxE61y4Onpof3x1a2SQvi9c+q1dJnrNdMjsroA=
github.com/go-pg/zerochecker v0.2.0 h1:pp7f72c3DobMWOb2ErtZsnrPaSvHd2W4o9//8HtF4mU=
github.com/go-pg/zerochecker v0.2.0/go.mod h1:NJZ4wKL0NmTtz0GKCoJ8kym6Xn/EQzXRl2OnAe7MmDo=
github.com/go-sql-driver/mysql v1.6.0 h1:BCTh4TKNUYmOmMUcQ3IipzF5prigylS7XXjEkfCHuOE=
github.com/go-sql-driver/mysql v1.6.0/go.mod h1:DCzpHaOWr8IXmIStZouvnhqoel9Qv2LBy8hT2VhHyBg=
github.com/gobuffalo/logger v1.0.6 h1:nnZNpxYo0zx+Aj9RfMPBm+x9zAU2OayFh/xrAWi34HU=
github.com/gobuffalo/logger v1.0.6/go.mod h1:J31TBEHR1QLV2683OXTAItYIg8pv2JMHnF/quuAbMjs=
github.com/gobuffalo/packd v1.0.1 h1:U2wXfRr4E9DH8IdsDLlRFwTZTK7hLfq9qT/QHXGVe/0=
github.com/gobuffalo/packd v1.0.1/go.mod h1:PP2POP3p3RXGz7Jh6eYEf93S7vA2za6xM7QT85L4+VY=
github.com/gobuffalo/packr/v2 v2.8.3 h1:xE1yzvnO56cUC0sTpKR3DIbxZgB54AftTFMhB2XEWlY=
github.com/gobuffalo/packr/v2 v2.8.3/go.mod h1:0SahksCVcx4IMnigTjiFuyldmTrdTctXsOdiU5KwbKc=
github.com/google/uuid v1.6.0 h1:NIvaJDMOsjHA8n1jAhLSgzrAzy1Hgr+hNrb57e+94F0=
github.com/google/uuid v1.6.0/go.mod h1:TIyPZe4MgqvfeYDBFedMoGGpEw/LqOeaOT+nhxU+yHo=
github.com/gorilla/websocket v1.5.3 h1:saDtZ6Pbx/0u+bgYQ3q96pZgCzfhKXGPqt7kZ72aNNg=
github.com/gorilla/websocket v1.5.3/go.mod h1:YR8l580nyteQvAITg2hZ9XVh4b55+EU/adAjf1fMHhE=
github.com/jackc/pgpassfile v1.0.0 h1:/6Hmqy13Ss2zCq62VdNG8tM1wchn8zjSGOBJ6icpsIM=
github.com/jackc/pgpassfile v1.0.0/go.mod h1:CEx0iS5ambNFdcRtxPj5JhEz+xB6uRky5eyVu/W2HEg=
github.com/jackc/pgservicefile v0.0.0-20240606120523-5a60cdf6a761 h1:iCEnooe7UlwOQYpKFhBabPMi4aNAfoODPEFNiAnClxo=
github.com/jackc/pgservicefile v0.0.0-20240606120523-5a60cdf6a761/go.mod h1:5TJZWKEWniPve33vlWYSoGYefn3gLQRzjfDlhSJ9ZKM=
github.com/jackc/pgx/v5 v5.7.2 h1:mLoDLV6sonKlvjIEsV56SkWNCnuNv531l94GaIzO+XI=
github.com/jackc/pgx/v5 v5.7.2/go.mod h1:ncY89UGWxg82EykZUwSpUKEfccBGGYq1xjrOpsbsfGQ=
github.com/jackc/puddle/v2 v2.2.2 h1:PR8nw+E/1w0GLuRFSmiioY6UooMp6KJv0/61nB7icHo=
github.com/jackc/puddle/v2 v2.2.2/go.mod h1:vriiEXHvEE654aYKXXjOvZM39qJ0q+azkZFrfEOc3H4=
github.com/jinzhu/inflection v1.0.0 h1:K317FqzuhWc8YvSVlFMCCUb36O/S9MCKRDI7QkRKD/E=
github.com/jinzhu/inflection v1.0.0/go.mod h1:h+uFLlag+Qp1Va5pdKtLDYj+kHp5pxUVkryuEj+Srlc=
github.com/jinzhu/now v1.1.5 h1:/o9tlHleP7gOFmsnYNz3RGnqzefHA47wQpKrrdTIwXQ=
github.com/jinzhu/now v1.1.5/go.mod h1:d3SSVoowX0Lcu0IBviAWJpolVfI5UJVZZ7cO71lE/z8=
github.com/jmoiron/sqlx v1.3.5 h1:vFFPA71p1o5gAeqtEAwLU4dnX2napprKtHr7PYIcN3g=
github.com/jmoiron/sqlx v1.3.5/go.mod h1:nRVWtLre0KfCLJvgxzCsLVMogSvQ1zNJtpYr2Ccp0mQ=
github.com/joho/godotenv v1.5.1 h1:7eLL/+HRGLY0ldzfGMeQkb7vMd0as4CfYvUVzLqw0N0=
github.com/joho/godotenv v1.5.1/go.mod h1:f4LDr5Voq0i2e/R5DDNOoa2zzDfwtkZa6DnEwAbqwq4=
github.com/karrick/godirwalk v1.16.1 h1:DynhcF+bztK8gooS0+NDJFrdNZjJ3gzVzC545UNA9iw=
github.com/karrick/godirwalk v1.16.1/go.mod h1:j4mkqPuvaLI8mp1DroR3P6ad7cyYd4c1qeJ3RV7ULlk=
github.com/kr/pretty v0.3.1 h1:flRD4NNwYAUpkphVc1HcthR4KEIFJ65n8Mw5qdRn3LE=
github.com/kr/pretty v0.3.1/go.mod h1:hoEshYVHaxMs3cyo3Yncou5ZscifuDolrwPKZanG3xk=
github.com/kr/text v0.2.0 h1:5Nx0Ya0ZqY2ygV366QzturHI13Jq95ApcVaJBhpS+AY=
github.com/kr/text v0.2.0/go.mod h1:eLer722TekiGuMkidMxC/pM04lWEeraHUUmBw8l2grE=
github.com/ledongthuc/pdf v0.0.0-20250511090121-5959a4027728 h1:QwWKgMY28TAXaDl+ExRDqGQltzXqN/xypdKP86niVn8=
github.com/ledongthuc/pdf v0.0.0-20250511090121-5959a4027728/go.mod h1:1fEHWurg7pvf5SG6XNE5Q8UZmOwex51Mkx3SLhrW5B4=
github.com/lib/pq v1.2.0/go.mod h1:5WUZQaWbwv1U+lTReE5YruASi9Al49XbQIvNi/34Woo=
github.com/lib/pq v1.10.9 h1:YXG7RB+JIjhP29X+OtkiDnYaXQwpS4JEWq7dtCCRUEw=
github.com/lib/pq v1.10.9/go.mod h1:AlVN5x4E4T544tWzH6hKfbfQvm3HdbOxrmggDNAPY9o=
github.com/markbates/errx v1.1.0 h1:QDFeR+UP95dO12JgW+tgi2UVfo0V8YBHiUIOaeBPiEI=
github.com/markbates/errx v1.1.0/go.mod h1:PLa46Oex9KNbVDZhKel8v1OT7hD5JZ2eI7AHhA0wswc=
github.com/markbates/oncer v1.0.0 h1:E83IaVAHygyndzPimgUYJjbshhDTALZyXxvk9FOlQRY=
github.com/markbates/oncer v1.0.0/go.mod h1:Z59JA581E9GP6w96jai+TGqafHPW+cPfRxz2aSZ0mcI=
github.com/markbates/safe v1.0.1 h1:yjZkbvRM6IzKj9tlu/zMJLS0n/V351OZWRnF3QfaUxI=
github.com/markbates/safe v1.0.1/go.mod h1:nAqgmRi7cY2nqMc92/bSEeQA+R4OheNU2T1kNSCBdG0=
github.com/mattn/go-sqlite3 v1.14.6/go.mod h1:NyWgC/yNuGj7Q9rpYnZvas74GogHl5/Z4A/KQRfk6bU=
github.com/mattn/go-sqlite3 v1.14.15 h1:vfoHhTN1af61xCRSWzFIWzx2YskyMTwHLrExkBOjvxI=
github.com/mattn/go-sqlite3 v1.14.15/go.mod h1:2eHXhiwb8IkHr+BDWZGa96P6+rkvnG63S2DGjv9HUNg=
github.com/pgvector/pgvector-go v0.3.0 h1:Ij+Yt78R//uYqs3Zk35evZFvr+G0blW0OUN+Q2D1RWc=
github.com/pgvector/pgvector-go v0.3.0/go.mod h1:duFy+PXWfW7QQd5ibqutBO4GxLsUZ9RVXhFZGIBsWSA=
github.com/pmezard/go-difflib v1.0.0 h1:4DBwDE0NGyQoBHbLQYPwSUPoCMWR5BEzIk/f1lZbAQM=
github.com/pmezard/go-difflib v1.0.0/go.mod h1:iKH77koFhYxTK1pcRnkKkqfTogsbg7gZNVY4sRDYZ/4=
github.com/poy/onpar v1.1.2 h1:QaNrNiZx0+Nar5dLgTVp5mXkyoVFIbepjyEoGSnhbAY=
github.com/poy/onpar v1.1.2/go.mod h1:6X8FLNoxyr9kkmnlqpK6LSoiOtrO6MICtWwEuWkLjzg=
github.com/rogpeppe/go-internal v1.9.0 h1:73kH8U+JUqXU8lRuOHeVHaa/SZPifC7BkcraZVejAe8=
github.com/rogpeppe/go-internal v1.9.0/go.mod h1:WtVeX8xhTBvf0smdhujwtBcq4Qrzq/fJaraNFVN+nFs=
github.com/rubenv/sql-migrate v1.5.2 h1:bMDqOnrJVV/6JQgQ/MxOpU+AdO8uzYYA/TxFUBzFtS0=
github.com/rubenv/sql-migrate v1.5.2/go.mod h1:H38GW8Vqf8F0Su5XignRyaRcbXbJunSWxs+kmzlg0Is=
github.com/sashabaranov/go-openai v1.41.2 h1:vfPRBZNMpnqu8ELsclWcAvF19lDNgh1t6TVfFFOPiSM=
github.com/sashabaranov/go-openai v1.41.2/go.mod h1:lj5b/K+zjTSFxVLijLSTDZuP7adOgerWeFyZLUhAKRg=
github.com/sirupsen/logrus v1.8.1 h1:dJKuHgqk1NNQlqoA6BTlM1Wf9DOH3NBjQyu0h9+AZZE=
github.com/sirupsen/logrus v1.8.1/go.mod h1:yWOB1SBYBC5VeMP7gHvWumXLIWorT60ONWic61uBYv0=
github.com/stretchr/testify v1.8.0 h1:pSgiaMZlXftHpm5L7V1+rVB+AZJydKsMxsQBIJw4PKk=
github.com/stretchr/testify v1.8.0/go.mod h1:yNjHg4UonilssWZ8iaSj1OCr/vHnekPRkoO+kdMU+MU=
github.com/tmthrgd/go-hex v0.0.0-20190904060850-447a3041c3bc h1:9lRDQMhESg+zvGYmW5DyG0UqvY96Bu5QYsTLvCHdrgo=
github.com/tmthrgd/go-hex v0.0.0-20190904060850-447a3041c3bc/go.mod h1:bciPuU6GHm1iF1pBvUfxfsH0Wmnc2VbpgvbI9ZWuIRs=
github.com/uptrace/bun v1.1.12 h1:sOjDVHxNTuM6dNGaba0wUuz7KvDE1BmNu9Gqs2gJSXQ=
github.com/uptrace/bun v1.1.12/go.mod h1:NPG6JGULBeQ9IU6yHp7YGELRa5Agmd7ATZdz4tGZ6z0=
github.com/uptrace/bun/dialect/pgdialect v1.1.12 h1:m/CM1UfOkoBTglGO5CUTKnIKKOApOYxkcP2qn0F9tJk=
github.com/uptrace/bun/dialect/pgdialect v1.1.12/go.mod h1:Ij6WIxQILxLlL2frUBxUBOZJtLElD2QQNDcu/PWDHTc=
github.com/uptrace/bun/driver/pgdriver v1.1.12 h1:3rRWB1GK0psTJrHwxzNfEij2MLibggiLdTqjTtfHc1w=
github.com/uptrace/bun/driver/pgdriver v1.1.12/go.mod h1:ssYUP+qwSEgeDDS1xm2XBip9el1y9Mi5mTAvLoiADLM=
github.com/vmihailenco/bufpool v0.1.11 h1:gOq2WmBrq0i2yW5QJ16ykccQ4wH9UyEsgLm6czKAd94=
github.com/vmihailenco/bufpool v0.1.11/go.mod h1:AFf/MOy3l2CFTKbxwt0mp2MwnqjNEs5H/UxrkA5jxTQ=
github.com/vmihailenco/msgpack/v5 v5.3.5 h1:5gO0H1iULLWGhs2H5tbAHIZTV8/cYafcFOr9znI5mJU=
github.com/vmihailenco/msgpack/v5 v5.3.5/go.mod h1:7xyJ9e+0+9SaZT0Wt1RGleJXzli6Q/V5KbhBonMG9jc=
github.com/vmihailenco/tagparser v0.1.2 h1:gnjoVuB/kljJ5wICEEOpx98oXMWPLj22G67Vbd1qPqc=
github.com/vmihailenco/tagparser v0.1.2/go.mod h1:OeAg3pn3UbLjkWt+rN9oFYB6u/cQgqMEUPoW2WPyhdI=
github.com/vmihailenco/tagparser/v2 v2.0.0 h1:y09buUbR+b5aycVFQs/g70pqKVZNBmxwAhO7/IwNM9g=
github.com/vmihailenco/tagparser/v2 v2.0.0/go.mod h1:Wri+At7QHww0WTrCBeu4J6bNtoV6mEfg5OIWRZA9qds=
github.com/x448/float16 v0.8.4 h1:qLwI1I70+NjRFUR3zs1JPUCgaCXSh3SW62uAKT1mSBM=
github.com/x448/float16 v0.8.4/go.mod h1:14CWIYCyZA/cWjXOioeEpHeN/83MdbZDRQHoFcYsOfg=
golang.org/x/crypto v0.36.0 h1:AnAEvhDddvBdpY+uR+MyHmuZzzNqXSe/GvuDeob5L34=
golang.org/x/crypto v0.36.0/go.mod h1:Y4J0ReaxCR1IMaabaSMugxJES1EpwhBHhv2bDHklZvc=
golang.org/x/sync v0.12.0 h1:MHc5BpPuC30uJk597Ri8TV3CNZcTLu6B6z4lJy+g6Jw=
golang.org/x/sync v0.12.0/go.mod h1:1dzgHSNfp02xaA81J2MS99Qcpr2w7fw1gpm99rleRqA=
golang.org/x/sys v0.31.0 h1:ioabZlmFYtWhL+TRYpcnNlLwhyxaM9kWTDEmfnprqik=
golang.org/x/sys v0.31.0/go.mod h1:BJP2sWEmIv4KK5OTEluFJCKSidICx8ciO85XgH3Ak8k=
golang.org/x/term v0.4.0 h1:O7UWfv5+A2qiuulQk30kVinPoMtoIPeVaKLEgLpVkvg=
golang.org/x/term v0.4.0/go.mod h1:9P2UbLfCdcvo3p/nzKvsmas4TnlujnuoV9hGgYzW1lQ=
golang.org/x/text v0.23.0 h1:D71I7dUrlY+VX0gQShAThNGHFxZ13dGLBHQLVl1mJlY=
golang.org/x/text v0.23.0/go.mod h1:/BLNzu4aZCJ1+kcD0DNRotWKage4q2rGVAg4o22unh4=
gopkg.in/check.v1 v1.0.0-20201130134442-10cb98267c6c h1:Hei/4ADfdWqJk1ZMxUNpqntNwaWcugrBjAiHlqqRiVk=
gopkg.in/check.v1 v1.0.0-20201130134442-10cb98267c6c/go.mod h1:JHkPIbrfpd72SG/EVd6muEfDQjcINNoR0C8j2r3qZ4Q=
gopkg.in/yaml.v3 v3.0.1 h1:fxVm/GzAzEWqLHuvctI91KS9hhNmmWOoWu0XTYJS7CA=
gopkg.in/yaml.v3 v3.0.1/go.mod h1:K4uyk7z7BCEPqu6E+C64Yfv1cQ7kz7rIZviUmN+EgEM=
gorm.io/driver/postgres v1.5.4 h1:Iyrp9Meh3GmbSuyIAGyjkN+n9K+GHX9b9MqsTL4EJCo=
gorm.io/driver/postgres v1.5.4/go.mod h1:Bgo89+h0CRcdA33Y6frlaHHVuTdOf87pmyzwW9C/BH0=
gorm.io/gorm v1.25.5 h1:zR9lOiiYf09VNh5Q1gphfyia1JpiClIWG9hQaxB/mls=
gorm.io/gorm v1.25.5/go.mod h1:hbnx/Oo0ChWMn1BIhpy1oYozzpM15i4YPuHDmfYtwg8=
mellium.im/sasl v0.3.1 h1:wE0LW6g7U83vhvxjC1IY8DnXM+EU095yeo8XClvCdfo=
mellium.im/sasl v0.3.1/go.mod h1:xm59PUYpZHhgQ9ZqoJ5QaCqzWMi8IeS49dhp6plPCzw=
